{
    "_readme": [
        "This file locks the dependencies of your project to a known state",
        "Read more about it at https://getcomposer.org/doc/01-basic-usage.md#composer-lock-the-lock-file",
        "This file is @generated automatically"
    ],
    "hash": "be1d67a5681216870520a6d08e1221d4",
    "content-hash": "b0e58fabafb3d0a0c89be5a2648f1322",
    "packages": [
        {
            "name": "jipipayo/sphinx-config-builder",
            "version": "dev-master",
            "source": {
                "type": "git",
                "url": "https://github.com/jipipayo/SphinxConfigBuilder.git",
                "reference": "c3714ca57d400aa2c4f9bfcecd8d41e4a8b88278"
            },
            "dist": {
                "type": "zip",
                "url": "https://api.github.com/repos/jipipayo/SphinxConfigBuilder/zipball/c3714ca57d400aa2c4f9bfcecd8d41e4a8b88278",
                "reference": "c3714ca57d400aa2c4f9bfcecd8d41e4a8b88278",
                "shasum": ""
            },
            "require": {
                "php": ">=5.3.0"
            },
            "suggest": {
                "neutron/sphinxsearch-api": "Allows to use sphinx via official (by Andrew Aksyonoff) php Sphinx api"
            },
            "type": "library",
            "autoload": {
                "psr-0": {
                    "SphinxConfigBuilder": "lib"
                }
            },
            "notification-url": "https://packagist.org/downloads/",
            "license": [
                "MIT"
            ],
            "authors": [
                {
                    "name": "Dani Remeseiro",
                    "email": "jipipayo@cpan.org"
                }
            ],
            "description": "A php class to build the sphinx search configuration file dynamically.",
            "keywords": [
                "configuration",
                "sphinx"
            ],
            "time": "2015-02-02 17:38:04"
        },
        {
            "name": "zendframework/zendframework1",
            "version": "1.12.17",
            "source": {
                "type": "git",
                "url": "https://github.com/zendframework/zf1.git",
                "reference": "9f0bbc8b626bf35030afd766d9a7e506864e8e0b"
            },
            "dist": {
                "type": "zip",
                "url": "https://api.github.com/repos/zendframework/zf1/zipball/9f0bbc8b626bf35030afd766d9a7e506864e8e0b",
                "reference": "9f0bbc8b626bf35030afd766d9a7e506864e8e0b",
                "shasum": ""
            },
            "require": {
                "php": ">=5.2.11"
            },
            "require-dev": {
                "phpunit/dbunit": "1.3.*",
                "phpunit/phpunit": "3.7.*"
            },
            "type": "library",
            "extra": {
                "branch-alias": {
                    "dev-master": "1.12.x-dev"
                }
            },
            "autoload": {
                "psr-0": {
                    "Zend_": "library/"
                }
            },
            "notification-url": "https://packagist.org/downloads/",
            "include-path": [
                "library/"
            ],
            "license": [
                "BSD-3-Clause"
            ],
            "description": "Zend Framework 1",
            "homepage": "http://framework.zend.com/",
            "keywords": [
                "ZF1",
                "framework"
            ],
            "time": "2015-11-23 15:11:10"
        }
    ],
    "packages-dev": [],
    "aliases": [],
    "minimum-stability": "stable",
    "stability-flags": {
        "jipipayo/sphinx-config-builder": 20
    },
    "prefer-stable": false,
    "prefer-lowest": false,
    "platform": [],
    "platform-dev": []
}
